{
	"name": "checkbox-autochecker",
	"version": "1.0.0",
	"lockfileVersion": 3,
	"requires": true,
	"packages": {
		"": {
			"name": "checkbox-autochecker",
			"version": "1.0.0",
			"license": "MIT",
			"dependencies": {
				"@rollup/plugin-commonjs": "^28.0.3"
			},
			"devDependencies": {
				"@rollup/plugin-node-resolve": "^16.0.1",
				"@rollup/plugin-typescript": "^12.1.2",
				"@types/codemirror": "^5.60.16",
				"obsidian": "^1.5.0",
				"rollup": "^3.29.5",
				"tslib": "^2.8.1",
				"typescript": "^5.8.3"
			}
		},
		"node_modules/@codemirror/state": {
			"version": "6.5.2",
			"dev": true,
			"license": "MIT",
			"peer": true,
			"dependencies": {
				"@marijn/find-cluster-break": "^1.0.0"
			}
		},
		"node_modules/@codemirror/view": {
			"version": "6.37.1",
			"dev": true,
			"license": "MIT",
			"peer": true,
			"dependencies": {
				"@codemirror/state": "^6.5.0",
				"crelt": "^1.0.6",
				"style-mod": "^4.1.0",
				"w3c-keyname": "^2.2.4"
			}
		},
		"node_modules/@jridgewell/sourcemap-codec": {
			"version": "1.5.0",
			"resolved": "https://registry.npmjs.org/@jridgewell/sourcemap-codec/-/sourcemap-codec-1.5.0.tgz",
			"integrity": "sha512-gv3ZRaISU3fjPAgNsriBRqGWQL6quFx04YMPW/zD8XMLsU32mhCCbfbO6KZFLjvYpCZ8zyDEgqsgf+PwPaM7GQ==",
			"license": "MIT"
		},
		"node_modules/@marijn/find-cluster-break": {
			"version": "1.0.2",
			"dev": true,
			"license": "MIT",
			"peer": true
		},
		"node_modules/@rollup/plugin-commonjs": {
			"version": "28.0.3",
			"resolved": "https://registry.npmjs.org/@rollup/plugin-commonjs/-/plugin-commonjs-28.0.3.tgz",
			"integrity": "sha512-pyltgilam1QPdn+Zd9gaCfOLcnjMEJ9gV+bTw6/r73INdvzf1ah9zLIJBm+kW7R6IUFIQ1YO+VqZtYxZNWFPEQ==",
			"license": "MIT",
			"dependencies": {
				"@rollup/pluginutils": "^5.0.1",
				"commondir": "^1.0.1",
				"estree-walker": "^2.0.2",
				"fdir": "^6.2.0",
				"is-reference": "1.2.1",
				"magic-string": "^0.30.3",
				"picomatch": "^4.0.2"
			},
			"engines": {
				"node": ">=16.0.0 || 14 >= 14.17"
			},
			"peerDependencies": {
				"rollup": "^2.68.0||^3.0.0||^4.0.0"
			},
			"peerDependenciesMeta": {
				"rollup": {
					"optional": true
				}
			}
		},
		"node_modules/@rollup/plugin-node-resolve": {
			"version": "16.0.1",
			"dev": true,
			"license": "MIT",
			"dependencies": {
				"@rollup/pluginutils": "^5.0.1",
				"@types/resolve": "1.20.2",
				"deepmerge": "^4.2.2",
				"is-module": "^1.0.0",
				"resolve": "^1.22.1"
			},
			"engines": {
				"node": ">=14.0.0"
			},
			"peerDependencies": {
				"rollup": "^2.78.0||^3.0.0||^4.0.0"
			},
			"peerDependenciesMeta": {
				"rollup": {
					"optional": true
				}
			}
		},
		"node_modules/@rollup/plugin-typescript": {
			"version": "12.1.2",
			"dev": true,
			"license": "MIT",
			"dependencies": {
				"@rollup/pluginutils": "^5.1.0",
				"resolve": "^1.22.1"
			},
			"engines": {
				"node": ">=14.0.0"
			},
			"peerDependencies": {
				"rollup": "^2.14.0||^3.0.0||^4.0.0",
				"tslib": "*",
				"typescript": ">=3.7.0"
			},
			"peerDependenciesMeta": {
				"rollup": {
					"optional": true
				},
				"tslib": {
					"optional": true
				}
			}
		},
		"node_modules/@rollup/pluginutils": {
			"version": "5.1.4",
			"license": "MIT",
			"dependencies": {
				"@types/estree": "^1.0.0",
				"estree-walker": "^2.0.2",
				"picomatch": "^4.0.2"
			},
			"engines": {
				"node": ">=14.0.0"
			},
			"peerDependencies": {
				"rollup": "^1.20.0||^2.0.0||^3.0.0||^4.0.0"
			},
			"peerDependenciesMeta": {
				"rollup": {
					"optional": true
				}
			}
		},
		"node_modules/@types/codemirror": {
			"version": "5.60.16",
			"dev": true,
			"license": "MIT",
			"dependencies": {
				"@types/tern": "*"
			}
		},
		"node_modules/@types/estree": {
			"version": "1.0.7",
			"license": "MIT"
		},
		"node_modules/@types/resolve": {
			"version": "1.20.2",
			"dev": true,
			"license": "MIT"
		},
		"node_modules/@types/tern": {
			"version": "0.23.9",
			"dev": true,
			"license": "MIT",
			"dependencies": {
				"@types/estree": "*"
			}
		},
		"node_modules/commondir": {
			"version": "1.0.1",
			"resolved": "https://registry.npmjs.org/commondir/-/commondir-1.0.1.tgz",
			"integrity": "sha512-W9pAhw0ja1Edb5GVdIF1mjZw/ASI0AlShXM83UUGe2DVr5TdAPEA1OA8m/g8zWp9x6On7gqufY+FatDbC3MDQg==",
			"license": "MIT"
		},
		"node_modules/crelt": {
			"version": "1.0.6",
			"dev": true,
			"license": "MIT",
			"peer": true
		},
		"node_modules/deepmerge": {
			"version": "4.3.1",
			"dev": true,
			"license": "MIT",
			"engines": {
				"node": ">=0.10.0"
			}
		},
		"node_modules/estree-walker": {
			"version": "2.0.2",
			"license": "MIT"
		},
		"node_modules/fdir": {
			"version": "6.4.5",
			"resolved": "https://registry.npmjs.org/fdir/-/fdir-6.4.5.tgz",
			"integrity": "sha512-4BG7puHpVsIYxZUbiUE3RqGloLaSSwzYie5jvasC4LWuBWzZawynvYouhjbQKw2JuIGYdm0DzIxl8iVidKlUEw==",
			"license": "MIT",
			"peerDependencies": {
				"picomatch": "^3 || ^4"
			},
			"peerDependenciesMeta": {
				"picomatch": {
					"optional": true
				}
			}
		},
		"node_modules/function-bind": {
			"version": "1.1.2",
			"dev": true,
			"license": "MIT",
			"funding": {
				"url": "https://github.com/sponsors/ljharb"
			}
		},
		"node_modules/hasown": {
			"version": "2.0.2",
			"dev": true,
			"license": "MIT",
			"dependencies": {
				"function-bind": "^1.1.2"
			},
			"engines": {
				"node": ">= 0.4"
			}
		},
		"node_modules/is-core-module": {
			"version": "2.16.1",
			"dev": true,
			"license": "MIT",
			"dependencies": {
				"hasown": "^2.0.2"
			},
			"engines": {
				"node": ">= 0.4"
			},
			"funding": {
				"url": "https://github.com/sponsors/ljharb"
			}
		},
		"node_modules/is-module": {
			"version": "1.0.0",
			"dev": true,
			"license": "MIT"
		},
		"node_modules/is-reference": {
			"version": "1.2.1",
			"resolved": "https://registry.npmjs.org/is-reference/-/is-reference-1.2.1.tgz",
			"integrity": "sha512-U82MsXXiFIrjCK4otLT+o2NA2Cd2g5MLoOVXUZjIOhLurrRxpEXzI8O0KZHr3IjLvlAH1kTPYSuqer5T9ZVBKQ==",
			"license": "MIT",
			"dependencies": {
				"@types/estree": "*"
			}
		},
		"node_modules/magic-string": {
			"version": "0.30.17",
			"resolved": "https://registry.npmjs.org/magic-string/-/magic-string-0.30.17.tgz",
			"integrity": "sha512-sNPKHvyjVf7gyjwS4xGTaW/mCnF8wnjtifKBEhxfZ7E/S8tQ0rssrwGNn6q8JH/ohItJfSQp9mBtQYuTlH5QnA==",
			"license": "MIT",
			"dependencies": {
				"@jridgewell/sourcemap-codec": "^1.5.0"
			}
		},
		"node_modules/moment": {
			"version": "2.29.4",
			"dev": true,
			"license": "MIT",
			"engines": {
				"node": "*"
			}
		},
		"node_modules/obsidian": {
			"version": "1.8.7",
			"dev": true,
			"license": "MIT",
			"dependencies": {
				"@types/codemirror": "5.60.8",
				"moment": "2.29.4"
			},
			"peerDependencies": {
				"@codemirror/state": "^6.0.0",
				"@codemirror/view": "^6.0.0"
			}
		},
		"node_modules/obsidian/node_modules/@types/codemirror": {
			"version": "5.60.8",
			"dev": true,
			"license": "MIT",
			"dependencies": {
				"@types/tern": "*"
			}
		},
		"node_modules/path-parse": {
			"version": "1.0.7",
			"dev": true,
			"license": "MIT"
		},
		"node_modules/picomatch": {
			"version": "4.0.2",
			"license": "MIT",
			"engines": {
				"node": ">=12"
			},
			"funding": {
				"url": "https://github.com/sponsors/jonschlinkert"
			}
		},
		"node_modules/resolve": {
			"version": "1.22.10",
			"dev": true,
			"license": "MIT",
			"dependencies": {
				"is-core-module": "^2.16.0",
				"path-parse": "^1.0.7",
				"supports-preserve-symlinks-flag": "^1.0.0"
			},
			"bin": {
				"resolve": "bin/resolve"
			},
			"engines": {
				"node": ">= 0.4"
			},
			"funding": {
				"url": "https://github.com/sponsors/ljharb"
			}
		},
		"node_modules/rollup": {
			"version": "3.29.5",
			"devOptional": true,
			"license": "MIT",
			"bin": {
				"rollup": "dist/bin/rollup"
			},
			"engines": {
				"node": ">=14.18.0",
				"npm": ">=8.0.0"
			},
			"optionalDependencies": {
				"fsevents": "~2.3.2"
			}
		},
		"node_modules/style-mod": {
			"version": "4.1.2",
			"dev": true,
			"license": "MIT",
			"peer": true
		},
		"node_modules/supports-preserve-symlinks-flag": {
			"version": "1.0.0",
			"dev": true,
			"license": "MIT",
			"engines": {
				"node": ">= 0.4"
			},
			"funding": {
				"url": "https://github.com/sponsors/ljharb"
			}
		},
		"node_modules/tslib": {
			"version": "2.8.1",
			"dev": true,
			"license": "0BSD"
		},
		"node_modules/typescript": {
			"version": "5.8.3",
			"dev": true,
			"license": "Apache-2.0",
			"bin": {
				"tsc": "bin/tsc",
				"tsserver": "bin/tsserver"
			},
			"engines": {
				"node": ">=14.17"
			}
		},
		"node_modules/w3c-keyname": {
			"version": "2.2.8",
			"dev": true,
			"license": "MIT",
			"peer": true
		}
	}
}
